
Microsoft Visual Studio Solution File, Format Version 12.00
# Visual Studio Version 17
VisualStudioVersion = 17.11.35431.28
MinimumVisualStudioVersion = 10.0.40219.1
Project("{9A19103F-16F7-4668-BE54-9A1E7A4F7556}") = "Kernel", "Kernel\Kernel.csproj", "{C95A1799-628C-47AD-B03D-D8AEAFB3CC53}"
EndProject
Project("{2150E333-8FDC-42A3-9474-1A3956D46DE8}") = "src", "src", "{3F47D99D-31A9-4239-B6E5-4B2E6DC98AA6}"
EndProject
Project("{2150E333-8FDC-42A3-9474-1A3956D46DE8}") = "Shared", "Shared", "{1159EBA1-48AD-40F2-8915-4BCE8F3B001B}"
EndProject
Project("{9A19103F-16F7-4668-BE54-9A1E7A4F7556}") = "API", "API\API.csproj", "{E6C07FC9-931C-45CA-B340-D07DF91B0A89}"
EndProject
Project("{9A19103F-16F7-4668-BE54-9A1E7A4F7556}") = "Utilities", "Utilities\Utilities.csproj", "{F49CF341-EF0A-493F-86F6-DEA661D566CB}"
EndProject
Project("{2150E333-8FDC-42A3-9474-1A3956D46DE8}") = "Tests", "Tests", "{F2B61F8B-DC92-4AA4-8DB2-894C1137717C}"
EndProject
Project("{2150E333-8FDC-42A3-9474-1A3956D46DE8}") = "Documentations", "Documentations", "{6A9C8CD2-8D49-4ECC-93C6-80124D769A8E}"
EndProject
Project("{2150E333-8FDC-42A3-9474-1A3956D46DE8}") = "Modules", "Modules", "{FCECCAF9-7BC8-4C06-A664-4349930BCE0A}"
EndProject
Project("{9A19103F-16F7-4668-BE54-9A1E7A4F7556}") = "DoctorAvailability", "DoctorAvailability\DoctorAvailability.csproj", "{DFB20788-6FDF-45CC-A362-8FCC8A0EEF0A}"
EndProject
Project("{9A19103F-16F7-4668-BE54-9A1E7A4F7556}") = "AppointmentBooking", "AppointmentBooking\AppointmentBooking.csproj", "{6F6AF9AE-04C7-4821-8385-20F6F0E85CD6}"
EndProject
Project("{9A19103F-16F7-4668-BE54-9A1E7A4F7556}") = "AppointmentConfirmation", "AppointmentConfirmation\AppointmentConfirmation.csproj", "{EF09B55B-17B0-4B6C-A4CF-4E24629F8811}"
EndProject
Project("{9A19103F-16F7-4668-BE54-9A1E7A4F7556}") = "DoctorAppointmentManagement", "DoctorAppointmentManagement\DoctorAppointmentManagement.csproj", "{AEFE3FBC-83C3-46BD-B952-0F410E119DD3}"
EndProject
Global
	GlobalSection(SolutionConfigurationPlatforms) = preSolution
		Debug|Any CPU = Debug|Any CPU
		Release|Any CPU = Release|Any CPU
	EndGlobalSection
	GlobalSection(ProjectConfigurationPlatforms) = postSolution
		{C95A1799-628C-47AD-B03D-D8AEAFB3CC53}.Debug|Any CPU.ActiveCfg = Debug|Any CPU
		{C95A1799-628C-47AD-B03D-D8AEAFB3CC53}.Debug|Any CPU.Build.0 = Debug|Any CPU
		{C95A1799-628C-47AD-B03D-D8AEAFB3CC53}.Release|Any CPU.ActiveCfg = Release|Any CPU
		{C95A1799-628C-47AD-B03D-D8AEAFB3CC53}.Release|Any CPU.Build.0 = Release|Any CPU
		{E6C07FC9-931C-45CA-B340-D07DF91B0A89}.Debug|Any CPU.ActiveCfg = Debug|Any CPU
		{E6C07FC9-931C-45CA-B340-D07DF91B0A89}.Debug|Any CPU.Build.0 = Debug|Any CPU
		{E6C07FC9-931C-45CA-B340-D07DF91B0A89}.Release|Any CPU.ActiveCfg = Release|Any CPU
		{E6C07FC9-931C-45CA-B340-D07DF91B0A89}.Release|Any CPU.Build.0 = Release|Any CPU
		{F49CF341-EF0A-493F-86F6-DEA661D566CB}.Debug|Any CPU.ActiveCfg = Debug|Any CPU
		{F49CF341-EF0A-493F-86F6-DEA661D566CB}.Debug|Any CPU.Build.0 = Debug|Any CPU
		{F49CF341-EF0A-493F-86F6-DEA661D566CB}.Release|Any CPU.ActiveCfg = Release|Any CPU
		{F49CF341-EF0A-493F-86F6-DEA661D566CB}.Release|Any CPU.Build.0 = Release|Any CPU
		{DFB20788-6FDF-45CC-A362-8FCC8A0EEF0A}.Debug|Any CPU.ActiveCfg = Debug|Any CPU
		{DFB20788-6FDF-45CC-A362-8FCC8A0EEF0A}.Debug|Any CPU.Build.0 = Debug|Any CPU
		{DFB20788-6FDF-45CC-A362-8FCC8A0EEF0A}.Release|Any CPU.ActiveCfg = Release|Any CPU
		{DFB20788-6FDF-45CC-A362-8FCC8A0EEF0A}.Release|Any CPU.Build.0 = Release|Any CPU
		{6F6AF9AE-04C7-4821-8385-20F6F0E85CD6}.Debug|Any CPU.ActiveCfg = Debug|Any CPU
		{6F6AF9AE-04C7-4821-8385-20F6F0E85CD6}.Debug|Any CPU.Build.0 = Debug|Any CPU
		{6F6AF9AE-04C7-4821-8385-20F6F0E85CD6}.Release|Any CPU.ActiveCfg = Release|Any CPU
		{6F6AF9AE-04C7-4821-8385-20F6F0E85CD6}.Release|Any CPU.Build.0 = Release|Any CPU
		{EF09B55B-17B0-4B6C-A4CF-4E24629F8811}.Debug|Any CPU.ActiveCfg = Debug|Any CPU
		{EF09B55B-17B0-4B6C-A4CF-4E24629F8811}.Debug|Any CPU.Build.0 = Debug|Any CPU
		{EF09B55B-17B0-4B6C-A4CF-4E24629F8811}.Release|Any CPU.ActiveCfg = Release|Any CPU
		{EF09B55B-17B0-4B6C-A4CF-4E24629F8811}.Release|Any CPU.Build.0 = Release|Any CPU
		{AEFE3FBC-83C3-46BD-B952-0F410E119DD3}.Debug|Any CPU.ActiveCfg = Debug|Any CPU
		{AEFE3FBC-83C3-46BD-B952-0F410E119DD3}.Debug|Any CPU.Build.0 = Debug|Any CPU
		{AEFE3FBC-83C3-46BD-B952-0F410E119DD3}.Release|Any CPU.ActiveCfg = Release|Any CPU
		{AEFE3FBC-83C3-46BD-B952-0F410E119DD3}.Release|Any CPU.Build.0 = Release|Any CPU
	EndGlobalSection
	GlobalSection(SolutionProperties) = preSolution
		HideSolutionNode = FALSE
	EndGlobalSection
	GlobalSection(NestedProjects) = preSolution
		{C95A1799-628C-47AD-B03D-D8AEAFB3CC53} = {1159EBA1-48AD-40F2-8915-4BCE8F3B001B}
		{1159EBA1-48AD-40F2-8915-4BCE8F3B001B} = {3F47D99D-31A9-4239-B6E5-4B2E6DC98AA6}
		{E6C07FC9-931C-45CA-B340-D07DF91B0A89} = {3F47D99D-31A9-4239-B6E5-4B2E6DC98AA6}
		{F49CF341-EF0A-493F-86F6-DEA661D566CB} = {1159EBA1-48AD-40F2-8915-4BCE8F3B001B}
		{FCECCAF9-7BC8-4C06-A664-4349930BCE0A} = {3F47D99D-31A9-4239-B6E5-4B2E6DC98AA6}
		{6F6AF9AE-04C7-4821-8385-20F6F0E85CD6} = {FCECCAF9-7BC8-4C06-A664-4349930BCE0A}
		{EF09B55B-17B0-4B6C-A4CF-4E24629F8811} = {FCECCAF9-7BC8-4C06-A664-4349930BCE0A}
		{AEFE3FBC-83C3-46BD-B952-0F410E119DD3} = {FCECCAF9-7BC8-4C06-A664-4349930BCE0A}
		{DFB20788-6FDF-45CC-A362-8FCC8A0EEF0A} = {FCECCAF9-7BC8-4C06-A664-4349930BCE0A}
	EndGlobalSection
	GlobalSection(ExtensibilityGlobals) = postSolution
		SolutionGuid = {A093ABB5-B123-473C-824D-A91DB383EC1C}
	EndGlobalSection
EndGlobal
